
Microsoft Visual Studio Solution File, Format Version 12.00
# Visual Studio Version 17
VisualStudioVersion = 17.3.32901.215
MinimumVisualStudioVersion = 10.0.40219.1
Project("{FAE04EC0-301F-11D3-BF4B-00C04F79EFBC}") = "Hang Man Lite Project 8.5", "Hang Man Lite Project 8.5\Hang Man Lite Project 8.5.csproj", "{9B591246-BD07-465C-B717-BEC6843286E0}"
EndProject
Global
	GlobalSection(SolutionConfigurationPlatforms) = preSolution
		Debug|Any CPU = Debug|Any CPU
		Release|Any CPU = Release|Any CPU
	EndGlobalSection
	GlobalSection(ProjectConfigurationPlatforms) = postSolution
		{9B591246-BD07-465C-B717-BEC6843286E0}.Debug|Any CPU.ActiveCfg = Debug|Any CPU
		{9B591246-BD07-465C-B717-BEC6843286E0}.Debug|Any CPU.Build.0 = Debug|Any CPU
		{9B591246-BD07-465C-B717-BEC6843286E0}.Release|Any CPU.ActiveCfg = Release|Any CPU
		{9B591246-BD07-465C-B717-BEC6843286E0}.Release|Any CPU.Build.0 = Release|Any CPU
	EndGlobalSection
	GlobalSection(SolutionProperties) = preSolution
		HideSolutionNode = FALSE
	EndGlobalSection
	GlobalSection(ExtensibilityGlobals) = postSolution
		SolutionGuid = {6B1C24A2-806C-4563-8BE9-4BAEA16E1232}
	EndGlobalSection
EndGlobal
